// !$*UTF8*$!
{
	archiveVersion = 1;
	classes = {
	};
	objectVersion = 77;
	objects = {

/* Begin PBXBuildFile section */
		78BD70542F68265300F4D3AF /* HelaiaAI in Frameworks */ = {isa = PBXBuildFile; productRef = 78BD70532F68265300F4D3AF /* HelaiaAI */; };
		78BD70562F68265300F4D3AF /* HelaiaAnalytics in Frameworks */ = {isa = PBXBuildFile; productRef = 78BD70552F68265300F4D3AF /* HelaiaAnalytics */; };
		78BD70582F68265300F4D3AF /* HelaiaCore in Frameworks */ = {isa = PBXBuildFile; productRef = 78BD70572F68265300F4D3AF /* HelaiaCore */; };
		78BD705A2F68265300F4D3AF /* HelaiaDesign in Frameworks */ = {isa = PBXBuildFile; productRef = 78BD70592F68265300F4D3AF /* HelaiaDesign */; };
		78BD705C2F68265300F4D3AF /* HelaiaEngine in Frameworks */ = {isa = PBXBuildFile; productRef = 78BD705B2F68265300F4D3AF /* HelaiaEngine */; };
		78BD705E2F68265300F4D3AF /* HelaiaFrameworks in Frameworks */ = {isa = PBXBuildFile; productRef = 78BD705D2F68265300F4D3AF /* HelaiaFrameworks */; };
		78BD70602F68265300F4D3AF /* HelaiaGit in Frameworks */ = {isa = PBXBuildFile; productRef = 78BD705F2F68265300F4D3AF /* HelaiaGit */; };
		78BD70622F68265300F4D3AF /* HelaiaKeychain in Frameworks */ = {isa = PBXBuildFile; productRef = 78BD70612F68265300F4D3AF /* HelaiaKeychain */; };
		78BD70642F68265300F4D3AF /* HelaiaLogger in Frameworks */ = {isa = PBXBuildFile; productRef = 78BD70632F68265300F4D3AF /* HelaiaLogger */; };
		78BD70662F68265300F4D3AF /* HelaiaNotify in Frameworks */ = {isa = PBXBuildFile; productRef = 78BD70652F68265300F4D3AF /* HelaiaNotify */; };
		78BD70682F68265300F4D3AF /* HelaiaShare in Frameworks */ = {isa = PBXBuildFile; productRef = 78BD70672F68265300F4D3AF /* HelaiaShare */; };
		78BD706A2F68265300F4D3AF /* HelaiaStorage in Frameworks */ = {isa = PBXBuildFile; productRef = 78BD70692F68265300F4D3AF /* HelaiaStorage */; };
		78BD706C2F68265300F4D3AF /* HelaiaSync in Frameworks */ = {isa = PBXBuildFile; productRef = 78BD706B2F68265300F4D3AF /* HelaiaSync */; };
/* End PBXBuildFile section */

/* Begin PBXFileReference section */
		78BD6FC92F67F63B00F4D3AF /* Codalon.app */ = {isa = PBXFileReference; explicitFileType = wrapper.application; includeInIndex = 0; path = Codalon.app; sourceTree = BUILT_PRODUCTS_DIR; };
		78BD6FDB2F67F65A00F4D3AF /* CodalonCompanion.app */ = {isa = PBXFileReference; explicitFileType = wrapper.application; includeInIndex = 0; path = CodalonCompanion.app; sourceTree = BUILT_PRODUCTS_DIR; };
/* End PBXFileReference section */

/* Begin PBXFileSystemSynchronizedRootGroup section */
		78BD6FCB2F67F63B00F4D3AF /* Codalon */ = {
			isa = PBXFileSystemSynchronizedRootGroup;
			path = Codalon;
			sourceTree = "<group>";
		};
		78BD6FDC2F67F65A00F4D3AF /* CodalonCompanion */ = {
			isa = PBXFileSystemSynchronizedRootGroup;
			path = CodalonCompanion;
			sourceTree = "<group>";
		};
/* End PBXFileSystemSynchronizedRootGroup section */

/* Begin PBXFrameworksBuildPhase section */
		78BD6FC62F67F63B00F4D3AF /* Frameworks */ = {
			isa = PBXFrameworksBuildPhase;
			buildActionMask = 2147483647;
			files = (
				78BD70582F68265300F4D3AF /* HelaiaCore in Frameworks */,
				78BD705E2F68265300F4D3AF /* HelaiaFrameworks in Frameworks */,
				78BD70542F68265300F4D3AF /* HelaiaAI in Frameworks */,
				78BD70662F68265300F4D3AF /* HelaiaNotify in Frameworks */,
				78BD70642F68265300F4D3AF /* HelaiaLogger in Frameworks */,
				78BD705C2F68265300F4D3AF /* HelaiaEngine in Frameworks */,
				78BD70602F68265300F4D3AF /* HelaiaGit in Frameworks */,
				78BD705A2F68265300F4D3AF /* HelaiaDesign in Frameworks */,
				78BD70682F68265300F4D3AF /* HelaiaShare in Frameworks */,
				78BD706C2F68265300F4D3AF /* HelaiaSync in Frameworks */,
				78BD70622F68265300F4D3AF /* HelaiaKeychain in Frameworks */,
				78BD706A2F68265300F4D3AF /* HelaiaStorage in Frameworks */,
				78BD70562F68265300F4D3AF /* HelaiaAnalytics in Frameworks */,
			);
			runOnlyForDeploymentPostprocessing = 0;
		};
		78BD6FD82F67F65A00F4D3AF /* Frameworks */ = {
			isa = PBXFrameworksBuildPhase;
			buildActionMask = 2147483647;
			files = (
			);
			runOnlyForDeploymentPostprocessing = 0;
		};
/* End PBXFrameworksBuildPhase section */

/* Begin PBXGroup section */
		78BD6FC02F67F63B00F4D3AF = {
			isa = PBXGroup;
			children = (
				78BD6FCB2F67F63B00F4D3AF /* Codalon */,
				78BD6FDC2F67F65A00F4D3AF /* CodalonCompanion */,
				78BD6FCA2F67F63B00F4D3AF /* Products */,
			);
			sourceTree = "<group>";
		};
		78BD6FCA2F67F63B00F4D3AF /* Products */ = {
			isa = PBXGroup;
			children = (
				78BD6FC92F67F63B00F4D3AF /* Codalon.app */,
				78BD6FDB2F67F65A00F4D3AF /* CodalonCompanion.app */,
			);
			name = Products;
			sourceTree = "<group>";
		};
/* End PBXGroup section */

/* Begin PBXNativeTarget section */
		78BD6FC82F67F63B00F4D3AF /* Codalon */ = {
			isa = PBXNativeTarget;
			buildConfigurationList = 78BD6FD42F67F63C00F4D3AF /* Build configuration list for PBXNativeTarget "Codalon" */;
			buildPhases = (
				78BD6FC52F67F63B00F4D3AF /* Sources */,
				78BD6FC62F67F63B00F4D3AF /* Frameworks */,
				78BD6FC72F67F63B00F4D3AF /* Resources */,
			);
			buildRules = (
			);
			dependencies = (
			);
			fileSystemSynchronizedGroups = (
				78BD6FCB2F67F63B00F4D3AF /* Codalon */,
			);
			name = Codalon;
			packageProductDependencies = (
				78BD70532F68265300F4D3AF /* HelaiaAI */,
				78BD70552F68265300F4D3AF /* HelaiaAnalytics */,
				78BD70572F68265300F4D3AF /* HelaiaCore */,
				78BD70592F68265300F4D3AF /* HelaiaDesign */,
				78BD705B2F68265300F4D3AF /* HelaiaEngine */,
				78BD705D2F68265300F4D3AF /* HelaiaFrameworks */,
				78BD705F2F68265300F4D3AF /* HelaiaGit */,
				78BD70612F68265300F4D3AF /* HelaiaKeychain */,
				78BD70632F68265300F4D3AF /* HelaiaLogger */,
				78BD70652F68265300F4D3AF /* HelaiaNotify */,
				78BD70672F68265300F4D3AF /* HelaiaShare */,
				78BD70692F68265300F4D3AF /* HelaiaStorage */,
				78BD706B2F68265300F4D3AF /* HelaiaSync */,
			);
			productName = Codalon;
			productReference = 78BD6FC92F67F63B00F4D3AF /* Codalon.app */;
			productType = "com.apple.product-type.application";
		};
		78BD6FDA2F67F65A00F4D3AF /* CodalonCompanion */ = {
			isa = PBXNativeTarget;
			buildConfigurationList = 78BD6FE32F67F65B00F4D3AF /* Build configuration list for PBXNativeTarget "CodalonCompanion" */;
			buildPhases = (
				78BD6FD72F67F65A00F4D3AF /* Sources */,
				78BD6FD82F67F65A00F4D3AF /* Frameworks */,
				78BD6FD92F67F65A00F4D3AF /* Resources */,
			);
			buildRules = (
			);
			dependencies = (
			);
			fileSystemSynchronizedGroups = (
				78BD6FDC2F67F65A00F4D3AF /* CodalonCompanion */,
			);
			name = CodalonCompanion;
			packageProductDependencies = (
			);
			productName = CodalonCompanion;
			productReference = 78BD6FDB2F67F65A00F4D3AF /* CodalonCompanion.app */;
			productType = "com.apple.product-type.application";
		};
/* End PBXNativeTarget section */

/* Begin PBXProject section */
		78BD6FC12F67F63B00F4D3AF /* Project object */ = {
			isa = PBXProject;
			attributes = {
				BuildIndependentTargetsInParallel = 1;
				LastSwiftUpdateCheck = 2620;
				LastUpgradeCheck = 2620;
				TargetAttributes = {
					78BD6FC82F67F63B00F4D3AF = {
						CreatedOnToolsVersion = 26.2;
					};
					78BD6FDA2F67F65A00F4D3AF = {
						CreatedOnToolsVersion = 26.2;
					};
				};
			};
			buildConfigurationList = 78BD6FC42F67F63B00F4D3AF /* Build configuration list for PBXProject "Codalon" */;
			developmentRegion = en;
			hasScannedForEncodings = 0;
			knownRegions = (
				en,
				Base,
			);
			mainGroup = 78BD6FC02F67F63B00F4D3AF;
			minimizedProjectReferenceProxies = 1;
			packageReferences = (
				78BD70522F68265300F4D3AF /* XCLocalSwiftPackageReference "../HelaiaFrameworks" */,
			);
			preferredProjectObjectVersion = 77;
			productRefGroup = 78BD6FCA2F67F63B00F4D3AF /* Products */;
			projectDirPath = "";
			projectRoot = "";
			targets = (
				78BD6FC82F67F63B00F4D3AF /* Codalon */,
				78BD6FDA2F67F65A00F4D3AF /* CodalonCompanion */,
			);
		};
/* End PBXProject section */

/* Begin PBXResourcesBuildPhase section */
		78BD6FC72F67F63B00F4D3AF /* Resources */ = {
			isa = PBXResourcesBuildPhase;
			buildActionMask = 2147483647;
			files = (
			);
			runOnlyForDeploymentPostprocessing = 0;
		};
		78BD6FD92F67F65A00F4D3AF /* Resources */ = {
			isa = PBXResourcesBuildPhase;
			buildActionMask = 2147483647;
			files = (
			);
			runOnlyForDeploymentPostprocessing = 0;
		};
/* End PBXResourcesBuildPhase section */

/* Begin PBXSourcesBuildPhase section */
		78BD6FC52F67F63B00F4D3AF /* Sources */ = {
			isa = PBXSourcesBuildPhase;
			buildActionMask = 2147483647;
			files = (
			);
			runOnlyForDeploymentPostprocessing = 0;
		};
		78BD6FD72F67F65A00F4D3AF /* Sources */ = {
			isa = PBXSourcesBuildPhase;
			buildActionMask = 2147483647;
			files = (
			);
			runOnlyForDeploymentPostprocessing = 0;
		};
/* End PBXSourcesBuildPhase section */

/* Begin XCBuildConfiguration section */
		78BD6FD22F67F63C00F4D3AF /* Debug */ = {
			isa = XCBuildConfiguration;
			buildSettings = {
				ALWAYS_SEARCH_USER_PATHS = NO;
				ASSETCATALOG_COMPILER_GENERATE_SWIFT_ASSET_SYMBOL_EXTENSIONS = YES;
				CLANG_ANALYZER_NONNULL = YES;
				CLANG_ANALYZER_NUMBER_OBJECT_CONVERSION = YES_AGGRESSIVE;
				CLANG_CXX_LANGUAGE_STANDARD = "gnu++20";
				CLANG_ENABLE_MODULES = YES;
				CLANG_ENABLE_OBJC_ARC = YES;
				CLANG_ENABLE_OBJC_WEAK = YES;
				CLANG_WARN_BLOCK_CAPTURE_AUTORELEASING = YES;
				CLANG_WARN_BOOL_CONVERSION = YES;
				CLANG_WARN_COMMA = YES;
				CLANG_WARN_CONSTANT_CONVERSION = YES;
				CLANG_WARN_DEPRECATED_OBJC_IMPLEMENTATIONS = YES;
				CLANG_WARN_DIRECT_OBJC_ISA_USAGE = YES_ERROR;
				CLANG_WARN_DOCUMENTATION_COMMENTS = YES;
				CLANG_WARN_EMPTY_BODY = YES;
				CLANG_WARN_ENUM_CONVERSION = YES;
				CLANG_WARN_INFINITE_RECURSION = YES;
				CLANG_WARN_INT_CONVERSION = YES;
				CLANG_WARN_NON_LITERAL_NULL_CONVERSION = YES;
				CLANG_WARN_OBJC_IMPLICIT_RETAIN_SELF = YES;
				CLANG_WARN_OBJC_LITERAL_CONVERSION = YES;
				CLANG_WARN_OBJC_ROOT_CLASS = YES_ERROR;
				CLANG_WARN_QUOTED_INCLUDE_IN_FRAMEWORK_HEADER = YES;
				CLANG_WARN_RANGE_LOOP_ANALYSIS = YES;
				CLANG_WARN_STRICT_PROTOTYPES = YES;
				CLANG_WARN_SUSPICIOUS_MOVE = YES;
				CLANG_WARN_UNGUARDED_AVAILABILITY = YES_AGGRESSIVE;
				CLANG_WARN_UNREACHABLE_CODE = YES;
				CLANG_WARN__DUPLICATE_METHOD_MATCH = YES;
				COPY_PHASE_STRIP = NO;
				DEBUG_INFORMATION_FORMAT = dwarf;
				DEVELOPMENT_TEAM = 68R8JJ97CZ;
				ENABLE_STRICT_OBJC_MSGSEND = YES;
				ENABLE_TESTABILITY = YES;
				ENABLE_USER_SCRIPT_SANDBOXING = YES;
				GCC_C_LANGUAGE_STANDARD = gnu17;
				GCC_DYNAMIC_NO_PIC = NO;
				GCC_NO_COMMON_BLOCKS = YES;
				GCC_OPTIMIZATION_LEVEL = 0;
				GCC_PREPROCESSOR_DEFINITIONS = (
					"DEBUG=1",
					"$(inherited)",
				);
				GCC_WARN_64_TO_32_BIT_CONVERSION = YES;
				GCC_WARN_ABOUT_RETURN_TYPE = YES_ERROR;
				GCC_WARN_UNDECLARED_SELECTOR = YES;
				GCC_WARN_UNINITIALIZED_AUTOS = YES_AGGRESSIVE;
				GCC_WARN_UNUSED_FUNCTION = YES;
				GCC_WARN_UNUSED_VARIABLE = YES;
				LOCALIZATION_PREFERS_STRING_CATALOGS = YES;
				MACOSX_DEPLOYMENT_TARGET = 26.2;
				MTL_ENABLE_DEBUG_INFO = INCLUDE_SOURCE;
				MTL_FAST_MATH = YES;
				ONLY_ACTIVE_ARCH = YES;
				SDKROOT = macosx;
				SWIFT_ACTIVE_COMPILATION_CONDITIONS = "DEBUG $(inherited)";
				SWIFT_OPTIMIZATION_LEVEL = "-Onone";
			};
			name = Debug;
		};
		78BD6FD32F67F63C00F4D3AF /* Release */ = {
			isa = XCBuildConfiguration;
			buildSettings = {
				ALWAYS_SEARCH_USER_PATHS = NO;
				ASSETCATALOG_COMPILER_GENERATE_SWIFT_ASSET_SYMBOL_EXTENSIONS = YES;
				CLANG_ANALYZER_NONNULL = YES;
				CLANG_ANALYZER_NUMBER_OBJECT_CONVERSION = YES_AGGRESSIVE;
				CLANG_CXX_LANGUAGE_STANDARD = "gnu++20";
				CLANG_ENABLE_MODULES = YES;
				CLANG_ENABLE_OBJC_ARC = YES;
				CLANG_ENABLE_OBJC_WEAK = YES;
				CLANG_WARN_BLOCK_CAPTURE_AUTORELEASING = YES;
				CLANG_WARN_BOOL_CONVERSION = YES;
				CLANG_WARN_COMMA = YES;
				CLANG_WARN_CONSTANT_CONVERSION = YES;
				CLANG_WARN_DEPRECATED_OBJC_IMPLEMENTATIONS = YES;
				CLANG_WARN_DIRECT_OBJC_ISA_USAGE = YES_ERROR;
				CLANG_WARN_DOCUMENTATION_COMMENTS = YES;
				CLANG_WARN_EMPTY_BODY = YES;
				CLANG_WARN_ENUM_CONVERSION = YES;
				CLANG_WARN_INFINITE_RECURSION = YES;
				CLANG_WARN_INT_CONVERSION = YES;
				CLANG_WARN_NON_LITERAL_NULL_CONVERSION = YES;
				CLANG_WARN_OBJC_IMPLICIT_RETAIN_SELF = YES;
				CLANG_WARN_OBJC_LITERAL_CONVERSION = YES;
				CLANG_WARN_OBJC_ROOT_CLASS = YES_ERROR;
				CLANG_WARN_QUOTED_INCLUDE_IN_FRAMEWORK_HEADER = YES;
				CLANG_WARN_RANGE_LOOP_ANALYSIS = YES;
				CLANG_WARN_STRICT_PROTOTYPES = YES;
				CLANG_WARN_SUSPICIOUS_MOVE = YES;
				CLANG_WARN_UNGUARDED_AVAILABILITY = YES_AGGRESSIVE;
				CLANG_WARN_UNREACHABLE_CODE = YES;
				CLANG_WARN__DUPLICATE_METHOD_MATCH = YES;
				COPY_PHASE_STRIP = NO;
				DEBUG_INFORMATION_FORMAT = "dwarf-with-dsym";
				DEVELOPMENT_TEAM = 68R8JJ97CZ;
				ENABLE_NS_ASSERTIONS = NO;
				ENABLE_STRICT_OBJC_MSGSEND = YES;
				ENABLE_USER_SCRIPT_SANDBOXING = YES;
				GCC_C_LANGUAGE_STANDARD = gnu17;
				GCC_NO_COMMON_BLOCKS = YES;
				GCC_WARN_64_TO_32_BIT_CONVERSION = YES;
				GCC_WARN_ABOUT_RETURN_TYPE = YES_ERROR;
				GCC_WARN_UNDECLARED_SELECTOR = YES;
				GCC_WARN_UNINITIALIZED_AUTOS = YES_AGGRESSIVE;
				GCC_WARN_UNUSED_FUNCTION = YES;
				GCC_WARN_UNUSED_VARIABLE = YES;
				LOCALIZATION_PREFERS_STRING_CATALOGS = YES;
				MACOSX_DEPLOYMENT_TARGET = 26.2;
				MTL_ENABLE_DEBUG_INFO = NO;
				MTL_FAST_MATH = YES;
				SDKROOT = macosx;
				SWIFT_COMPILATION_MODE = wholemodule;
			};
			name = Release;
		};
		78BD6FD52F67F63C00F4D3AF /* Debug */ = {
			isa = XCBuildConfiguration;
			buildSettings = {
				ASSETCATALOG_COMPILER_APPICON_NAME = AppIcon;
				ASSETCATALOG_COMPILER_GLOBAL_ACCENT_COLOR_NAME = AccentColor;
				CODE_SIGN_STYLE = Automatic;
				COMBINE_HIDPI_IMAGES = YES;
				CURRENT_PROJECT_VERSION = 1;
				DEVELOPMENT_TEAM = 68R8JJ97CZ;
				ENABLE_APP_SANDBOX = YES;
				ENABLE_HARDENED_RUNTIME = YES;
				ENABLE_PREVIEWS = YES;
				ENABLE_USER_SELECTED_FILES = readonly;
				GENERATE_INFOPLIST_FILE = YES;
				INFOPLIST_KEY_NSHumanReadableCopyright = "";
				LD_RUNPATH_SEARCH_PATHS = (
					"$(inherited)",
					"@executable_path/../Frameworks",
				);
				MARKETING_VERSION = 1.0;
				PRODUCT_BUNDLE_IDENTIFIER = com.helaia.Codalon;
				PRODUCT_NAME = "$(TARGET_NAME)";
				REGISTER_APP_GROUPS = YES;
				STRING_CATALOG_GENERATE_SYMBOLS = YES;
				SWIFT_APPROACHABLE_CONCURRENCY = YES;
				SWIFT_DEFAULT_ACTOR_ISOLATION = MainActor;
				SWIFT_EMIT_LOC_STRINGS = YES;
				SWIFT_UPCOMING_FEATURE_MEMBER_IMPORT_VISIBILITY = YES;
				SWIFT_VERSION = 5.0;
			};
			name = Debug;
		};
		78BD6FD62F67F63C00F4D3AF /* Release */ = {
			isa = XCBuildConfiguration;
			buildSettings = {
				ASSETCATALOG_COMPILER_APPICON_NAME = AppIcon;
				ASSETCATALOG_COMPILER_GLOBAL_ACCENT_COLOR_NAME = AccentColor;
				CODE_SIGN_STYLE = Automatic;
				COMBINE_HIDPI_IMAGES = YES;
				CURRENT_PROJECT_VERSION = 1;
				DEVELOPMENT_TEAM = 68R8JJ97CZ;
				ENABLE_APP_SANDBOX = YES;
				ENABLE_HARDENED_RUNTIME = YES;
				ENABLE_PREVIEWS = YES;
				ENABLE_USER_SELECTED_FILES = readonly;
				GENERATE_INFOPLIST_FILE = YES;
				INFOPLIST_KEY_NSHumanReadableCopyright = "";
				LD_RUNPATH_SEARCH_PATHS = (
					"$(inherited)",
					"@executable_path/../Frameworks",
				);
				MARKETING_VERSION = 1.0;
				PRODUCT_BUNDLE_IDENTIFIER = com.helaia.Codalon;
				PRODUCT_NAME = "$(TARGET_NAME)";
				REGISTER_APP_GROUPS = YES;
				STRING_CATALOG_GENERATE_SYMBOLS = YES;
				SWIFT_APPROACHABLE_CONCURRENCY = YES;
				SWIFT_DEFAULT_ACTOR_ISOLATION = MainActor;
				SWIFT_EMIT_LOC_STRINGS = YES;
				SWIFT_UPCOMING_FEATURE_MEMBER_IMPORT_VISIBILITY = YES;
				SWIFT_VERSION = 5.0;
			};
			name = Release;
		};
		78BD6FE42F67F65B00F4D3AF /* Debug */ = {
			isa = XCBuildConfiguration;
			buildSettings = {
				ASSETCATALOG_COMPILER_APPICON_NAME = AppIcon;
				ASSETCATALOG_COMPILER_GLOBAL_ACCENT_COLOR_NAME = AccentColor;
				CODE_SIGN_STYLE = Automatic;
				CURRENT_PROJECT_VERSION = 1;
				DEVELOPMENT_TEAM = 68R8JJ97CZ;
				ENABLE_PREVIEWS = YES;
				GENERATE_INFOPLIST_FILE = YES;
				INFOPLIST_KEY_UIApplicationSceneManifest_Generation = YES;
				INFOPLIST_KEY_UIApplicationSupportsIndirectInputEvents = YES;
				INFOPLIST_KEY_UILaunchScreen_Generation = YES;
				INFOPLIST_KEY_UISupportedInterfaceOrientations_iPad = "UIInterfaceOrientationPortrait UIInterfaceOrientationPortraitUpsideDown UIInterfaceOrientationLandscapeLeft UIInterfaceOrientationLandscapeRight";
				INFOPLIST_KEY_UISupportedInterfaceOrientations_iPhone = "UIInterfaceOrientationPortrait UIInterfaceOrientationLandscapeLeft UIInterfaceOrientationLandscapeRight";
				IPHONEOS_DEPLOYMENT_TARGET = 26.2;
				LD_RUNPATH_SEARCH_PATHS = (
					"$(inherited)",
					"@executable_path/Frameworks",
				);
				MARKETING_VERSION = 1.0;
				PRODUCT_BUNDLE_IDENTIFIER = com.helaia.CodalonCompanion;
				PRODUCT_NAME = "$(TARGET_NAME)";
				SDKROOT = iphoneos;
				STRING_CATALOG_GENERATE_SYMBOLS = YES;
				SUPPORTED_PLATFORMS = "iphoneos iphonesimulator";
				SUPPORTS_MACCATALYST = NO;
				SUPPORTS_MAC_DESIGNED_FOR_IPHONE_IPAD = NO;
				SUPPORTS_XR_DESIGNED_FOR_IPHONE_IPAD = NO;
				SWIFT_APPROACHABLE_CONCURRENCY = YES;
				SWIFT_DEFAULT_ACTOR_ISOLATION = MainActor;
				SWIFT_EMIT_LOC_STRINGS = YES;
				SWIFT_UPCOMING_FEATURE_MEMBER_IMPORT_VISIBILITY = YES;
				SWIFT_VERSION = 5.0;
				TARGETED_DEVICE_FAMILY = "1,2";
			};
			name = Debug;
		};
		78BD6FE52F67F65B00F4D3AF /* Release */ = {
			isa = XCBuildConfiguration;
			buildSettings = {
				ASSETCATALOG_COMPILER_APPICON_NAME = AppIcon;
				ASSETCATALOG_COMPILER_GLOBAL_ACCENT_COLOR_NAME = AccentColor;
				CODE_SIGN_STYLE = Automatic;
				CURRENT_PROJECT_VERSION = 1;
				DEVELOPMENT_TEAM = 68R8JJ97CZ;
				ENABLE_PREVIEWS = YES;
				GENERATE_INFOPLIST_FILE = YES;
				INFOPLIST_KEY_UIApplicationSceneManifest_Generation = YES;
				INFOPLIST_KEY_UIApplicationSupportsIndirectInputEvents = YES;
				INFOPLIST_KEY_UILaunchScreen_Generation = YES;
				INFOPLIST_KEY_UISupportedInterfaceOrientations_iPad = "UIInterfaceOrientationPortrait UIInterfaceOrientationPortraitUpsideDown UIInterfaceOrientationLandscapeLeft UIInterfaceOrientationLandscapeRight";
				INFOPLIST_KEY_UISupportedInterfaceOrientations_iPhone = "UIInterfaceOrientationPortrait UIInterfaceOrientationLandscapeLeft UIInterfaceOrientationLandscapeRight";
				IPHONEOS_DEPLOYMENT_TARGET = 26.2;
				LD_RUNPATH_SEARCH_PATHS = (
					"$(inherited)",
					"@executable_path/Frameworks",
				);
				MARKETING_VERSION = 1.0;
				PRODUCT_BUNDLE_IDENTIFIER = com.helaia.CodalonCompanion;
				PRODUCT_NAME = "$(TARGET_NAME)";
				SDKROOT = iphoneos;
				STRING_CATALOG_GENERATE_SYMBOLS = YES;
				SUPPORTED_PLATFORMS = "iphoneos iphonesimulator";
				SUPPORTS_MACCATALYST = NO;
				SUPPORTS_MAC_DESIGNED_FOR_IPHONE_IPAD = NO;
				SUPPORTS_XR_DESIGNED_FOR_IPHONE_IPAD = NO;
				SWIFT_APPROACHABLE_CONCURRENCY = YES;
				SWIFT_DEFAULT_ACTOR_ISOLATION = MainActor;
				SWIFT_EMIT_LOC_STRINGS = YES;
				SWIFT_UPCOMING_FEATURE_MEMBER_IMPORT_VISIBILITY = YES;
				SWIFT_VERSION = 5.0;
				TARGETED_DEVICE_FAMILY = "1,2";
				VALIDATE_PRODUCT = YES;
			};
			name = Release;
		};
/* End XCBuildConfiguration section */

/* Begin XCConfigurationList section */
		78BD6FC42F67F63B00F4D3AF /* Build configuration list for PBXProject "Codalon" */ = {
			isa = XCConfigurationList;
			buildConfigurations = (
				78BD6FD22F67F63C00F4D3AF /* Debug */,
				78BD6FD32F67F63C00F4D3AF /* Release */,
			);
			defaultConfigurationIsVisible = 0;
			defaultConfigurationName = Release;
		};
		78BD6FD42F67F63C00F4D3AF /* Build configuration list for PBXNativeTarget "Codalon" */ = {
			isa = XCConfigurationList;
			buildConfigurations = (
				78BD6FD52F67F63C00F4D3AF /* Debug */,
				78BD6FD62F67F63C00F4D3AF /* Release */,
			);
			defaultConfigurationIsVisible = 0;
			defaultConfigurationName = Release;
		};
		78BD6FE32F67F65B00F4D3AF /* Build configuration list for PBXNativeTarget "CodalonCompanion" */ = {
			isa = XCConfigurationList;
			buildConfigurations = (
				78BD6FE42F67F65B00F4D3AF /* Debug */,
				78BD6FE52F67F65B00F4D3AF /* Release */,
			);
			defaultConfigurationIsVisible = 0;
			defaultConfigurationName = Release;
		};
/* End XCConfigurationList section */

/* Begin XCLocalSwiftPackageReference section */
		78BD70522F68265300F4D3AF /* XCLocalSwiftPackageReference "../HelaiaFrameworks" */ = {
			isa = XCLocalSwiftPackageReference;
			relativePath = ../HelaiaFrameworks;
		};
/* End XCLocalSwiftPackageReference section */

/* Begin XCSwiftPackageProductDependency section */
		78BD70532F68265300F4D3AF /* HelaiaAI */ = {
			isa = XCSwiftPackageProductDependency;
			productName = HelaiaAI;
		};
		78BD70552F68265300F4D3AF /* HelaiaAnalytics */ = {
			isa = XCSwiftPackageProductDependency;
			productName = HelaiaAnalytics;
		};
		78BD70572F68265300F4D3AF /* HelaiaCore */ = {
			isa = XCSwiftPackageProductDependency;
			productName = HelaiaCore;
		};
		78BD70592F68265300F4D3AF /* HelaiaDesign */ = {
			isa = XCSwiftPackageProductDependency;
			productName = HelaiaDesign;
		};
		78BD705B2F68265300F4D3AF /* HelaiaEngine */ = {
			isa = XCSwiftPackageProductDependency;
			productName = HelaiaEngine;
		};
		78BD705D2F68265300F4D3AF /* HelaiaFrameworks */ = {
			isa = XCSwiftPackageProductDependency;
			productName = HelaiaFrameworks;
		};
		78BD705F2F68265300F4D3AF /* HelaiaGit */ = {
			isa = XCSwiftPackageProductDependency;
			productName = HelaiaGit;
		};
		78BD70612F68265300F4D3AF /* HelaiaKeychain */ = {
			isa = XCSwiftPackageProductDependency;
			productName = HelaiaKeychain;
		};
		78BD70632F68265300F4D3AF /* HelaiaLogger */ = {
			isa = XCSwiftPackageProductDependency;
			productName = HelaiaLogger;
		};
		78BD70652F68265300F4D3AF /* HelaiaNotify */ = {
			isa = XCSwiftPackageProductDependency;
			productName = HelaiaNotify;
		};
		78BD70672F68265300F4D3AF /* HelaiaShare */ = {
			isa = XCSwiftPackageProductDependency;
			productName = HelaiaShare;
		};
		78BD70692F68265300F4D3AF /* HelaiaStorage */ = {
			isa = XCSwiftPackageProductDependency;
			productName = HelaiaStorage;
		};
		78BD706B2F68265300F4D3AF /* HelaiaSync */ = {
			isa = XCSwiftPackageProductDependency;
			productName = HelaiaSync;
		};
/* End XCSwiftPackageProductDependency section */
	};
	rootObject = 78BD6FC12F67F63B00F4D3AF /* Project object */;
}
